
Microsoft Visual Studio Solution File, Format Version 12.00
# Visual Studio Version 17
VisualStudioVersion = 17.5.33424.131
MinimumVisualStudioVersion = 10.0.40219.1
Project("{9A19103F-16F7-4668-BE54-9A1E7A4F7556}") = "DataAccess", "DataAccess\DataAccess.csproj", "{C157E009-A35E-44B9-8904-B72F494D86B1}"
EndProject
Project("{9A19103F-16F7-4668-BE54-9A1E7A4F7556}") = "Model", "Model1\Model.csproj", "{6437D1C6-DD1B-456F-885A-AC7B8E7E49F1}"
EndProject
Project("{FAE04EC0-301F-11D3-BF4B-00C04F79EFBC}") = "Server", "Server\Server.csproj", "{A04E5DEC-111B-4D27-B7D0-512C6AD57D6A}"
EndProject
Global
	GlobalSection(SolutionConfigurationPlatforms) = preSolution
		Debug|Any CPU = Debug|Any CPU
		Release|Any CPU = Release|Any CPU
	EndGlobalSection
	GlobalSection(ProjectConfigurationPlatforms) = postSolution
		{C157E009-A35E-44B9-8904-B72F494D86B1}.Debug|Any CPU.ActiveCfg = Debug|Any CPU
		{C157E009-A35E-44B9-8904-B72F494D86B1}.Debug|Any CPU.Build.0 = Debug|Any CPU
		{C157E009-A35E-44B9-8904-B72F494D86B1}.Release|Any CPU.ActiveCfg = Release|Any CPU
		{C157E009-A35E-44B9-8904-B72F494D86B1}.Release|Any CPU.Build.0 = Release|Any CPU
		{6437D1C6-DD1B-456F-885A-AC7B8E7E49F1}.Debug|Any CPU.ActiveCfg = Debug|Any CPU
		{6437D1C6-DD1B-456F-885A-AC7B8E7E49F1}.Debug|Any CPU.Build.0 = Debug|Any CPU
		{6437D1C6-DD1B-456F-885A-AC7B8E7E49F1}.Release|Any CPU.ActiveCfg = Release|Any CPU
		{6437D1C6-DD1B-456F-885A-AC7B8E7E49F1}.Release|Any CPU.Build.0 = Release|Any CPU
		{A04E5DEC-111B-4D27-B7D0-512C6AD57D6A}.Debug|Any CPU.ActiveCfg = Debug|Any CPU
		{A04E5DEC-111B-4D27-B7D0-512C6AD57D6A}.Debug|Any CPU.Build.0 = Debug|Any CPU
		{A04E5DEC-111B-4D27-B7D0-512C6AD57D6A}.Release|Any CPU.ActiveCfg = Release|Any CPU
		{A04E5DEC-111B-4D27-B7D0-512C6AD57D6A}.Release|Any CPU.Build.0 = Release|Any CPU
	EndGlobalSection
	GlobalSection(SolutionProperties) = preSolution
		HideSolutionNode = FALSE
	EndGlobalSection
	GlobalSection(ExtensibilityGlobals) = postSolution
		SolutionGuid = {2C0D0A47-0407-4484-8C90-D285998D52BE}
	EndGlobalSection
EndGlobal
